# This file is @generated by uv.
# It is not intended for manual editing.

[[package]]
name = "video-mixer"
version = "0.1.0"
source = { editable = "." }
dependencies = [
    { name = "opencv-python" },
    { name = "pillow" },
    { name = "tk" },
]

[[package]]
name = "opencv-python"
version = "4.9.0.80"
source = { registry = "https://pypi.org/simple" }

[[package]]
name = "pillow"
version = "10.2.0"
source = { registry = "https://pypi.org/simple" }

[[package]]
name = "tk"
version = "0.1.0"
source = { registry = "https://pypi.org/simple" }

[metadata]
lock-version = "2.0"
python-version = "3.11"
content-hash = "sha256:1234567890abcdef"

[metadata.files]
opencv-python = []
pillow = []
tk = []
